
Microsoft Visual Studio Solution File, Format Version 12.00
# Visual Studio 15
VisualStudioVersion = 15.0.28307.271
MinimumVisualStudioVersion = 10.0.40219.1
Project("{9A19103F-16F7-4668-BE54-9A1E7A4F7556}") = "luhnAPI", "luhnAPI.csproj", "{CDD6EB1A-69B2-4ED4-8ED5-F3DE5178B37C}"
EndProject
Global
	GlobalSection(SolutionConfigurationPlatforms) = preSolution
		Debug|Any CPU = Debug|Any CPU
		Release|Any CPU = Release|Any CPU
	EndGlobalSection
	GlobalSection(ProjectConfigurationPlatforms) = postSolution
		{CDD6EB1A-69B2-4ED4-8ED5-F3DE5178B37C}.Debug|Any CPU.ActiveCfg = Debug|Any CPU
		{CDD6EB1A-69B2-4ED4-8ED5-F3DE5178B37C}.Debug|Any CPU.Build.0 = Debug|Any CPU
		{CDD6EB1A-69B2-4ED4-8ED5-F3DE5178B37C}.Release|Any CPU.ActiveCfg = Release|Any CPU
		{CDD6EB1A-69B2-4ED4-8ED5-F3DE5178B37C}.Release|Any CPU.Build.0 = Release|Any CPU
	EndGlobalSection
	GlobalSection(SolutionProperties) = preSolution
		HideSolutionNode = FALSE
	EndGlobalSection
	GlobalSection(ExtensibilityGlobals) = postSolution
		SolutionGuid = {6CC303F9-EBD3-4351-BB11-24DD98CA3CE1}
	EndGlobalSection
EndGlobal
