
Microsoft Visual Studio Solution File, Format Version 12.00
# Visual Studio Version 16
VisualStudioVersion = 16.0.30011.22
MinimumVisualStudioVersion = 10.0.40219.1
Project("{9A19103F-16F7-4668-BE54-9A1E7A4F7556}") = "luhnAPI", "luhnAPI.csproj", "{CDD6EB1A-69B2-4ED4-8ED5-F3DE5178B37C}"
EndProject
Project("{FAE04EC0-301F-11D3-BF4B-00C04F79EFBC}") = "luhnAPITests1", "..\luhnAPITests1\luhnAPITests1.csproj", "{09889A13-C99C-4DAA-B2FB-8F9E2180FFAA}"
EndProject
Global
	GlobalSection(SolutionConfigurationPlatforms) = preSolution
		Debug|Any CPU = Debug|Any CPU
		Release|Any CPU = Release|Any CPU
	EndGlobalSection
	GlobalSection(ProjectConfigurationPlatforms) = postSolution
		{CDD6EB1A-69B2-4ED4-8ED5-F3DE5178B37C}.Debug|Any CPU.ActiveCfg = Debug|Any CPU
		{CDD6EB1A-69B2-4ED4-8ED5-F3DE5178B37C}.Debug|Any CPU.Build.0 = Debug|Any CPU
		{CDD6EB1A-69B2-4ED4-8ED5-F3DE5178B37C}.Release|Any CPU.ActiveCfg = Release|Any CPU
		{CDD6EB1A-69B2-4ED4-8ED5-F3DE5178B37C}.Release|Any CPU.Build.0 = Release|Any CPU
		{09889A13-C99C-4DAA-B2FB-8F9E2180FFAA}.Debug|Any CPU.ActiveCfg = Debug|Any CPU
		{09889A13-C99C-4DAA-B2FB-8F9E2180FFAA}.Debug|Any CPU.Build.0 = Debug|Any CPU
		{09889A13-C99C-4DAA-B2FB-8F9E2180FFAA}.Release|Any CPU.ActiveCfg = Release|Any CPU
		{09889A13-C99C-4DAA-B2FB-8F9E2180FFAA}.Release|Any CPU.Build.0 = Release|Any CPU
	EndGlobalSection
	GlobalSection(SolutionProperties) = preSolution
		HideSolutionNode = FALSE
	EndGlobalSection
	GlobalSection(ExtensibilityGlobals) = postSolution
		SolutionGuid = {6CC303F9-EBD3-4351-BB11-24DD98CA3CE1}
	EndGlobalSection
EndGlobal
